<?xml version="1.0" encoding="utf-8"?>
<Project ToolsVersion="4.0" xmlns="http://schemas.microsoft.com/developer/msbuild/2003">
  <ItemGroup>
    <Filter Include="Source Files">
      <UniqueIdentifier>{4FC737F1-C7A5-4376-A066-2A32D752A2FF}</UniqueIdentifier>
      <Extensions>cpp;c;cc;cxx;def;odl;idl;hpj;bat;asm;asmx</Extensions>
    </Filter>
    <Filter Include="Header Files">
      <UniqueIdentifier>{93995380-89BD-4b04-88EB-625FBE52EBFB}</UniqueIdentifier>
      <Extensions>h;hpp;hxx;hm;inl;inc;xsd</Extensions>
    </Filter>
    <Filter Include="Resource Files">
      <UniqueIdentifier>{67DA6AB6-F800-4c08-8B7A-83BB121AAD01}</UniqueIdentifier>
      <Extensions>rc;ico;cur;bmp;dlg;rc2;rct;bin;rgs;gif;jpg;jpeg;jpe;resx;tiff;tif;png;wav;mfcribbon-ms</Extensions>
    </Filter>
  </ItemGroup>
  <ItemGroup>
    <Text Include="ReadMe.txt" />
  </ItemGroup>
  <ItemGroup>
    <ClInclude Include="EDRAgent.h">
      <Filter>Header Files</Filter>
    </ClInclude>
    <ClInclude Include="stdafx.h">
      <Filter>Header Files</Filter>
    </ClInclude>
    <ClInclude Include="targetver.h">
      <Filter>Header Files</Filter>
    </ClInclude>
    <ClInclude Include="Resource.h">
      <Filter>Header Files</Filter>
    </ClInclude>
    <ClInclude Include="EDRPolicyManager.h">
      <Filter>Header Files</Filter>
    </ClInclude>
    <ClInclude Include="EDRWorkerThread.h">
      <Filter>Header Files</Filter>
    </ClInclude>
    <ClInclude Include="HttpClient\HttpAttribute.h">
      <Filter>Header Files</Filter>
    </ClInclude>
    <ClInclude Include="HttpClient\HttpClient.h">
      <Filter>Header Files</Filter>
    </ClInclude>
    <ClInclude Include="HttpClient\HttpClientBuilder.h">
      <Filter>Header Files</Filter>
    </ClInclude>
    <ClInclude Include="HttpClient\HttpContext.h">
      <Filter>Header Files</Filter>
    </ClInclude>
    <ClInclude Include="HttpClient\HttpData.h">
      <Filter>Header Files</Filter>
    </ClInclude>
    <ClInclude Include="EDRAgentWnd.h">
      <Filter>Header Files</Filter>
    </ClInclude>
    <ClInclude Include="EDRShellNotifyDlg.h">
      <Filter>Header Files</Filter>
    </ClInclude>
    <ClInclude Include="EDRPolicyHelperBase.h">
      <Filter>Header Files</Filter>
    </ClInclude>
    <ClInclude Include="EDRPolicyHelper.h">
      <Filter>Header Files</Filter>
    </ClInclude>
    <ClInclude Include="EDRPolicyData.h">
      <Filter>Header Files</Filter>
    </ClInclude>
    <ClInclude Include="IOCPolicyHelperImpl.h">
      <Filter>Header Files</Filter>
    </ClInclude>
    <ClInclude Include="RESPolicyHelperImpl.h">
      <Filter>Header Files</Filter>
    </ClInclude>
    <ClInclude Include="EDRPolicyCommander.h">
      <Filter>Header Files</Filter>
    </ClInclude>
    <ClInclude Include="..\..\Include\CommonDef.h">
      <Filter>Header Files</Filter>
    </ClInclude>
    <ClInclude Include="..\..\Include\EDRAgentDll.h">
      <Filter>Header Files</Filter>
    </ClInclude>
    <ClInclude Include="..\..\Include\ProcMonCallBackList.h">
      <Filter>Header Files</Filter>
    </ClInclude>
    <ClInclude Include="..\..\Include\ProcMonCommon.h">
      <Filter>Header Files</Filter>
    </ClInclude>
    <ClInclude Include="..\..\Include\ProcMonControl.h">
      <Filter>Header Files</Filter>
    </ClInclude>
    <ClInclude Include="..\..\Include\ProcMonDll.h">
      <Filter>Header Files</Filter>
    </ClInclude>
    <ClInclude Include="..\..\Include\ProcMonTypes.h">
      <Filter>Header Files</Filter>
    </ClInclude>
    <ClInclude Include="..\..\Include\ThreadPool\AsyncCallback.h">
      <Filter>Header Files</Filter>
    </ClInclude>
    <ClInclude Include="..\..\Include\ThreadPool\AsyncCallbackBase.h">
      <Filter>Header Files</Filter>
    </ClInclude>
    <ClInclude Include="..\..\Include\ThreadPool\Callback.h">
      <Filter>Header Files</Filter>
    </ClInclude>
    <ClInclude Include="..\..\Include\ThreadPool\CallbackMsg.h">
      <Filter>Header Files</Filter>
    </ClInclude>
    <ClInclude Include="..\..\Include\ThreadPool\CallbackThread.h">
      <Filter>Header Files</Filter>
    </ClInclude>
    <ClInclude Include="..\..\Include\ThreadPool\DataTypes.h">
      <Filter>Header Files</Filter>
    </ClInclude>
    <ClInclude Include="..\..\Include\ThreadPool\Fault.h">
      <Filter>Header Files</Filter>
    </ClInclude>
    <ClInclude Include="..\..\Include\ThreadPool\LockGuard.h">
      <Filter>Header Files</Filter>
    </ClInclude>
    <ClInclude Include="..\..\Include\ThreadPool\ThreadMsg.h">
      <Filter>Header Files</Filter>
    </ClInclude>
    <ClInclude Include="..\..\Include\ThreadPool\ThreadWin.h">
      <Filter>Header Files</Filter>
    </ClInclude>
    <ClInclude Include="..\..\Include\ThreadPool\UserMsgs.h">
      <Filter>Header Files</Filter>
    </ClInclude>
    <ClInclude Include="..\..\Include\Util\Dbg.h">
      <Filter>Header Files</Filter>
    </ClInclude>
    <ClInclude Include="..\..\Include\Util\FileSystem.h">
      <Filter>Header Files</Filter>
    </ClInclude>
    <ClInclude Include="..\..\Include\Util\HashList.h">
      <Filter>Header Files</Filter>
    </ClInclude>
    <ClInclude Include="..\..\Include\Util\Pipe.h">
      <Filter>Header Files</Filter>
    </ClInclude>
    <ClInclude Include="..\..\Include\Util\Process.h">
      <Filter>Header Files</Filter>
    </ClInclude>
    <ClInclude Include="..\..\Include\Util\Registry.h">
      <Filter>Header Files</Filter>
    </ClInclude>
    <ClInclude Include="..\..\Include\Util\SelfDump.h">
      <Filter>Header Files</Filter>
    </ClInclude>
    <ClInclude Include="..\..\Include\Util\URLParser.h">
      <Filter>Header Files</Filter>
    </ClInclude>
    <ClInclude Include="..\..\Include\Util\Util.h">
      <Filter>Header Files</Filter>
    </ClInclude>
    <ClInclude Include="..\..\Include\Util\SyncEvent.h">
      <Filter>Header Files</Filter>
    </ClInclude>
    <ClInclude Include="EDRConfig.h">
      <Filter>Header Files</Filter>
    </ClInclude>
    <ClInclude Include="EDRWorkerThreadManager.h">
      <Filter>Header Files</Filter>
    </ClInclude>
    <ClInclude Include="EDRKernelHandler.h">
      <Filter>Header Files</Filter>
    </ClInclude>
    <ClInclude Include="EDRKernelDelegator.h">
      <Filter>Header Files</Filter>
    </ClInclude>
  </ItemGroup>
  <ItemGroup>
    <ClCompile Include="EDRAgent.cpp">
      <Filter>Source Files</Filter>
    </ClCompile>
    <ClCompile Include="stdafx.cpp">
      <Filter>Source Files</Filter>
    </ClCompile>
    <ClCompile Include="EDRPolicyManager.cpp">
      <Filter>Source Files</Filter>
    </ClCompile>
    <ClCompile Include="EDRWorkerThread.cpp">
      <Filter>Source Files</Filter>
    </ClCompile>
    <ClCompile Include="IOCPolicyHelperImpl.cpp">
      <Filter>Source Files</Filter>
    </ClCompile>
    <ClCompile Include="HttpClient\HttpClient.cpp">
      <Filter>Source Files</Filter>
    </ClCompile>
    <ClCompile Include="HttpClient\HttpClientBuilder.cpp">
      <Filter>Source Files</Filter>
    </ClCompile>
    <ClCompile Include="HttpClient\HttpContext.cpp">
      <Filter>Source Files</Filter>
    </ClCompile>
    <ClCompile Include="HttpClient\HttpData.cpp">
      <Filter>Source Files</Filter>
    </ClCompile>
    <ClCompile Include="EDRAgentWnd.cpp">
      <Filter>Source Files</Filter>
    </ClCompile>
    <ClCompile Include="EDRShellNotifyDlg.cpp">
      <Filter>Source Files</Filter>
    </ClCompile>
    <ClCompile Include="EDRPolicyHelperBase.cpp">
      <Filter>Source Files</Filter>
    </ClCompile>
    <ClCompile Include="RESPolicyHelperImpl.cpp">
      <Filter>Source Files</Filter>
    </ClCompile>
    <ClCompile Include="EDRPolicyData.cpp">
      <Filter>Source Files</Filter>
    </ClCompile>
    <ClCompile Include="EDRPolicyCommander.cpp">
      <Filter>Source Files</Filter>
    </ClCompile>
    <ClCompile Include="..\..\Include\ThreadPool\AsyncCallbackBase.cpp">
      <Filter>Source Files</Filter>
    </ClCompile>
    <ClCompile Include="..\..\Include\ThreadPool\Fault.cpp">
      <Filter>Source Files</Filter>
    </ClCompile>
    <ClCompile Include="..\..\Include\ThreadPool\LockGuard.cpp">
      <Filter>Source Files</Filter>
    </ClCompile>
    <ClCompile Include="..\..\Include\ThreadPool\ThreadWin.cpp">
      <Filter>Source Files</Filter>
    </ClCompile>
    <ClCompile Include="..\..\Include\Util\Dbg.cpp">
      <Filter>Source Files</Filter>
    </ClCompile>
    <ClCompile Include="..\..\Include\Util\FileSystem.cpp">
      <Filter>Source Files</Filter>
    </ClCompile>
    <ClCompile Include="..\..\Include\Util\HashList.cpp">
      <Filter>Source Files</Filter>
    </ClCompile>
    <ClCompile Include="..\..\Include\Util\Pipe.cpp">
      <Filter>Source Files</Filter>
    </ClCompile>
    <ClCompile Include="..\..\Include\Util\Process.cpp">
      <Filter>Source Files</Filter>
    </ClCompile>
    <ClCompile Include="..\..\Include\Util\Registry.cpp">
      <Filter>Source Files</Filter>
    </ClCompile>
    <ClCompile Include="..\..\Include\Util\SelfDump.cpp">
      <Filter>Source Files</Filter>
    </ClCompile>
    <ClCompile Include="..\..\Include\Util\URLParser.cpp">
      <Filter>Source Files</Filter>
    </ClCompile>
    <ClCompile Include="..\..\Include\Util\Util.cpp">
      <Filter>Source Files</Filter>
    </ClCompile>
    <ClCompile Include="..\..\Include\Util\SyncEvent.cpp">
      <Filter>Source Files</Filter>
    </ClCompile>
    <ClCompile Include="EDRConfig.cpp">
      <Filter>Source Files</Filter>
    </ClCompile>
    <ClCompile Include="EDRWorkerThreadManager.cpp">
      <Filter>Source Files</Filter>
    </ClCompile>
    <ClCompile Include="EDRKernelDelegator.cpp">
      <Filter>Source Files</Filter>
    </ClCompile>
  </ItemGroup>
  <ItemGroup>
    <ResourceCompile Include="EDRAgent.rc">
      <Filter>Resource Files</Filter>
    </ResourceCompile>
  </ItemGroup>
  <ItemGroup>
    <None Include="res\EDRAgent.rc2">
      <Filter>Resource Files</Filter>
    </None>
  </ItemGroup>
  <ItemGroup>
    <Image Include="res\EDRAgent.ico">
      <Filter>Resource Files</Filter>
    </Image>
  </ItemGroup>
</Project>